
Microsoft Visual Studio Solution File, Format Version 12.00
# Visual Studio Version 16
VisualStudioVersion = 16.0.31313.79
MinimumVisualStudioVersion = 10.0.40219.1
Project("{FAE04EC0-301F-11D3-BF4B-00C04F79EFBC}") = "CreateFontList", "CreateFontList.csproj", "{959E4E93-7773-4F64-9D04-7F14B2286D7A}"
EndProject
Global
	GlobalSection(SolutionConfigurationPlatforms) = preSolution
		Debug|Any CPU = Debug|Any CPU
		Release|Any CPU = Release|Any CPU
	EndGlobalSection
	GlobalSection(ProjectConfigurationPlatforms) = postSolution
		{959E4E93-7773-4F64-9D04-7F14B2286D7A}.Debug|Any CPU.ActiveCfg = Debug|Any CPU
		{959E4E93-7773-4F64-9D04-7F14B2286D7A}.Debug|Any CPU.Build.0 = Debug|Any CPU
		{959E4E93-7773-4F64-9D04-7F14B2286D7A}.Release|Any CPU.ActiveCfg = Release|Any CPU
		{959E4E93-7773-4F64-9D04-7F14B2286D7A}.Release|Any CPU.Build.0 = Release|Any CPU
	EndGlobalSection
	GlobalSection(SolutionProperties) = preSolution
		HideSolutionNode = FALSE
	EndGlobalSection
	GlobalSection(ExtensibilityGlobals) = postSolution
		SolutionGuid = {05AD7BD1-B693-46BA-BF3B-876514071444}
	EndGlobalSection
EndGlobal
